
Microsoft Visual Studio Solution File, Format Version 12.00
# Visual Studio Version 17
VisualStudioVersion = 17.0.31912.275
MinimumVisualStudioVersion = 10.0.40219.1
Project("{9A19103F-16F7-4668-BE54-9A1E7A4F7556}") = "Day1", "Day1\Day1.csproj", "{1C6D0106-7140-4896-AF4A-D2CE1712BEB8}"
EndProject
Project("{9A19103F-16F7-4668-BE54-9A1E7A4F7556}") = "Day2", "Day2\Day2.csproj", "{D996D0D5-D70C-4D95-9D91-97F09CA513D5}"
EndProject
Global
	GlobalSection(SolutionConfigurationPlatforms) = preSolution
		Debug|Any CPU = Debug|Any CPU
		Release|Any CPU = Release|Any CPU
	EndGlobalSection
	GlobalSection(ProjectConfigurationPlatforms) = postSolution
		{1C6D0106-7140-4896-AF4A-D2CE1712BEB8}.Debug|Any CPU.ActiveCfg = Debug|Any CPU
		{1C6D0106-7140-4896-AF4A-D2CE1712BEB8}.Debug|Any CPU.Build.0 = Debug|Any CPU
		{1C6D0106-7140-4896-AF4A-D2CE1712BEB8}.Release|Any CPU.ActiveCfg = Release|Any CPU
		{1C6D0106-7140-4896-AF4A-D2CE1712BEB8}.Release|Any CPU.Build.0 = Release|Any CPU
		{D996D0D5-D70C-4D95-9D91-97F09CA513D5}.Debug|Any CPU.ActiveCfg = Debug|Any CPU
		{D996D0D5-D70C-4D95-9D91-97F09CA513D5}.Debug|Any CPU.Build.0 = Debug|Any CPU
		{D996D0D5-D70C-4D95-9D91-97F09CA513D5}.Release|Any CPU.ActiveCfg = Release|Any CPU
		{D996D0D5-D70C-4D95-9D91-97F09CA513D5}.Release|Any CPU.Build.0 = Release|Any CPU
	EndGlobalSection
	GlobalSection(SolutionProperties) = preSolution
		HideSolutionNode = FALSE
	EndGlobalSection
	GlobalSection(ExtensibilityGlobals) = postSolution
		SolutionGuid = {70845494-CE2A-4D3D-A74B-41F901AF0CC1}
	EndGlobalSection
EndGlobal
